
Microsoft Visual Studio Solution File, Format Version 12.00
Project("{FAE04EC0-301F-11D3-BF4B-00C04F79EFBC}") = "LeastRectangles", "LeastRectangles\LeastRectangles.csproj", "{9C656F70-4DD3-4DB9-8485-80CDCC839291}"
EndProject
Project("{FAE04EC0-301F-11D3-BF4B-00C04F79EFBC}") = "Benchmark", "Benchmark\Benchmark.csproj", "{3F8FC3CA-E43E-4805-8725-97924500F39D}"
EndProject
Project("{FAE04EC0-301F-11D3-BF4B-00C04F79EFBC}") = "LargestRectangles.Tests", "LargestRectangles.Tests\LargestRectangles.Tests.csproj", "{0E380F4B-BC86-47B6-84E9-0FE56F802C68}"
EndProject
Global
	GlobalSection(SolutionConfigurationPlatforms) = preSolution
		Debug|Any CPU = Debug|Any CPU
		Release|Any CPU = Release|Any CPU
	EndGlobalSection
	GlobalSection(ProjectConfigurationPlatforms) = postSolution
		{9C656F70-4DD3-4DB9-8485-80CDCC839291}.Debug|Any CPU.ActiveCfg = Debug|Any CPU
		{9C656F70-4DD3-4DB9-8485-80CDCC839291}.Debug|Any CPU.Build.0 = Debug|Any CPU
		{9C656F70-4DD3-4DB9-8485-80CDCC839291}.Release|Any CPU.ActiveCfg = Release|Any CPU
		{9C656F70-4DD3-4DB9-8485-80CDCC839291}.Release|Any CPU.Build.0 = Release|Any CPU
		{3F8FC3CA-E43E-4805-8725-97924500F39D}.Debug|Any CPU.ActiveCfg = Debug|Any CPU
		{3F8FC3CA-E43E-4805-8725-97924500F39D}.Debug|Any CPU.Build.0 = Debug|Any CPU
		{3F8FC3CA-E43E-4805-8725-97924500F39D}.Release|Any CPU.ActiveCfg = Release|Any CPU
		{3F8FC3CA-E43E-4805-8725-97924500F39D}.Release|Any CPU.Build.0 = Release|Any CPU
		{0E380F4B-BC86-47B6-84E9-0FE56F802C68}.Debug|Any CPU.ActiveCfg = Debug|Any CPU
		{0E380F4B-BC86-47B6-84E9-0FE56F802C68}.Debug|Any CPU.Build.0 = Debug|Any CPU
		{0E380F4B-BC86-47B6-84E9-0FE56F802C68}.Release|Any CPU.ActiveCfg = Release|Any CPU
		{0E380F4B-BC86-47B6-84E9-0FE56F802C68}.Release|Any CPU.Build.0 = Release|Any CPU
	EndGlobalSection
EndGlobal
